
Microsoft Visual Studio Solution File, Format Version 12.00
# Visual Studio 14
VisualStudioVersion = 14.0.23107.0
MinimumVisualStudioVersion = 10.0.40219.1
Project("{FAE04EC0-301F-11D3-BF4B-00C04F79EFBC}") = "HtmlParser", "HtmlParser\HtmlParser.csproj", "{F8A9B93B-53CA-409A-B409-5C147D93972A}"
EndProject
Project("{FAE04EC0-301F-11D3-BF4B-00C04F79EFBC}") = "NewsParsersLib", "NewsParsersLib\NewsParsersLib.csproj", "{446E2BC7-E49F-4D70-85F2-3E456A9ECFB7}"
EndProject
Global
	GlobalSection(SolutionConfigurationPlatforms) = preSolution
		Debug|Any CPU = Debug|Any CPU
		Release|Any CPU = Release|Any CPU
	EndGlobalSection
	GlobalSection(ProjectConfigurationPlatforms) = postSolution
		{F8A9B93B-53CA-409A-B409-5C147D93972A}.Debug|Any CPU.ActiveCfg = Debug|Any CPU
		{F8A9B93B-53CA-409A-B409-5C147D93972A}.Debug|Any CPU.Build.0 = Debug|Any CPU
		{F8A9B93B-53CA-409A-B409-5C147D93972A}.Release|Any CPU.ActiveCfg = Release|Any CPU
		{F8A9B93B-53CA-409A-B409-5C147D93972A}.Release|Any CPU.Build.0 = Release|Any CPU
		{446E2BC7-E49F-4D70-85F2-3E456A9ECFB7}.Debug|Any CPU.ActiveCfg = Debug|Any CPU
		{446E2BC7-E49F-4D70-85F2-3E456A9ECFB7}.Debug|Any CPU.Build.0 = Debug|Any CPU
		{446E2BC7-E49F-4D70-85F2-3E456A9ECFB7}.Release|Any CPU.ActiveCfg = Release|Any CPU
		{446E2BC7-E49F-4D70-85F2-3E456A9ECFB7}.Release|Any CPU.Build.0 = Release|Any CPU
	EndGlobalSection
	GlobalSection(SolutionProperties) = preSolution
		HideSolutionNode = FALSE
	EndGlobalSection
EndGlobal
